// !$*UTF8*$!
{
	archiveVersion = 1;
	classes = {
	};
	objectVersion = 50;
	objects = {

/* Begin PBXBuildFile section */
		DF560A4924BB439600DAA7E4 /* AppDelegate.swift in Sources */ = {isa = PBXBuildFile; fileRef = DF560A4824BB439600DAA7E4 /* AppDelegate.swift */; };
		DF560A4B24BB439600DAA7E4 /* SceneDelegate.swift in Sources */ = {isa = PBXBuildFile; fileRef = DF560A4A24BB439600DAA7E4 /* SceneDelegate.swift */; };
		DF560A4D24BB439600DAA7E4 /* ViewController.swift in Sources */ = {isa = PBXBuildFile; fileRef = DF560A4C24BB439600DAA7E4 /* ViewController.swift */; };
		DF560A5024BB439600DAA7E4 /* Main.storyboard in Resources */ = {isa = PBXBuildFile; fileRef = DF560A4E24BB439600DAA7E4 /* Main.storyboard */; };
		DF560A5224BB439C00DAA7E4 /* Assets.xcassets in Resources */ = {isa = PBXBuildFile; fileRef = DF560A5124BB439C00DAA7E4 /* Assets.xcassets */; };
		DF560A5524BB439C00DAA7E4 /* LaunchScreen.storyboard in Resources */ = {isa = PBXBuildFile; fileRef = DF560A5324BB439C00DAA7E4 /* LaunchScreen.storyboard */; };
/* End PBXBuildFile section */

/* Begin PBXFileReference section */
		DF560A4524BB439600DAA7E4 /* بعثتي.app */ = {isa = PBXFileReference; explicitFileType = wrapper.application; includeInIndex = 0; path = "بعثتي.app"; sourceTree = BUILT_PRODUCTS_DIR; };
		DF560A4824BB439600DAA7E4 /* AppDelegate.swift */ = {isa = PBXFileReference; lastKnownFileType = sourcecode.swift; path = AppDelegate.swift; sourceTree = "<group>"; };
		DF560A4A24BB439600DAA7E4 /* SceneDelegate.swift */ = {isa = PBXFileReference; lastKnownFileType = sourcecode.swift; path = SceneDelegate.swift; sourceTree = "<group>"; };
		DF560A4C24BB439600DAA7E4 /* ViewController.swift */ = {isa = PBXFileReference; lastKnownFileType = sourcecode.swift; path = ViewController.swift; sourceTree = "<group>"; };
		DF560A4F24BB439600DAA7E4 /* Base */ = {isa = PBXFileReference; lastKnownFileType = file.storyboard; name = Base; path = Base.lproj/Main.storyboard; sourceTree = "<group>"; };
		DF560A5124BB439C00DAA7E4 /* Assets.xcassets */ = {isa = PBXFileReference; lastKnownFileType = folder.assetcatalog; path = Assets.xcassets; sourceTree = "<group>"; };
		DF560A5424BB439C00DAA7E4 /* Base */ = {isa = PBXFileReference; lastKnownFileType = file.storyboard; name = Base; path = Base.lproj/LaunchScreen.storyboard; sourceTree = "<group>"; };
		DF560A5624BB439C00DAA7E4 /* Info.plist */ = {isa = PBXFileReference; lastKnownFileType = text.plist.xml; path = Info.plist; sourceTree = "<group>"; };
/* End PBXFileReference section */

/* Begin PBXFrameworksBuildPhase section */
		DF560A4224BB439600DAA7E4 /* Frameworks */ = {
			isa = PBXFrameworksBuildPhase;
			buildActionMask = 2147483647;
			files = (
			);
			runOnlyForDeploymentPostprocessing = 0;
		};
/* End PBXFrameworksBuildPhase section */

/* Begin PBXGroup section */
		DF560A3C24BB439600DAA7E4 = {
			isa = PBXGroup;
			children = (
				DF560A4724BB439600DAA7E4 /* بعثتي */,
				DF560A4624BB439600DAA7E4 /* Products */,
			);
			sourceTree = "<group>";
		};
		DF560A4624BB439600DAA7E4 /* Products */ = {
			isa = PBXGroup;
			children = (
				DF560A4524BB439600DAA7E4 /* بعثتي.app */,
			);
			name = Products;
			sourceTree = "<group>";
		};
		DF560A4724BB439600DAA7E4 /* بعثتي */ = {
			isa = PBXGroup;
			children = (
				DF560A4824BB439600DAA7E4 /* AppDelegate.swift */,
				DF560A4A24BB439600DAA7E4 /* SceneDelegate.swift */,
				DF560A4C24BB439600DAA7E4 /* ViewController.swift */,
				DF560A4E24BB439600DAA7E4 /* Main.storyboard */,
				DF560A5124BB439C00DAA7E4 /* Assets.xcassets */,
				DF560A5324BB439C00DAA7E4 /* LaunchScreen.storyboard */,
				DF560A5624BB439C00DAA7E4 /* Info.plist */,
			);
			path = "بعثتي";
			sourceTree = "<group>";
		};
/* End PBXGroup section */

/* Begin PBXNativeTarget section */
		DF560A4424BB439600DAA7E4 /* بعثتي */ = {
			isa = PBXNativeTarget;
			buildConfigurationList = DF560A5924BB439C00DAA7E4 /* Build configuration list for PBXNativeTarget "بعثتي" */;
			buildPhases = (
				DF560A4124BB439600DAA7E4 /* Sources */,
				DF560A4224BB439600DAA7E4 /* Frameworks */,
				DF560A4324BB439600DAA7E4 /* Resources */,
			);
			buildRules = (
			);
			dependencies = (
			);
			name = "بعثتي";
			productName = "بعثتي";
			productReference = DF560A4524BB439600DAA7E4 /* بعثتي.app */;
			productType = "com.apple.product-type.application";
		};
/* End PBXNativeTarget section */

/* Begin PBXProject section */
		DF560A3D24BB439600DAA7E4 /* Project object */ = {
			isa = PBXProject;
			attributes = {
				LastSwiftUpdateCheck = 1150;
				LastUpgradeCheck = 1150;
				ORGANIZATIONNAME = GeeCodes;
				TargetAttributes = {
					DF560A4424BB439600DAA7E4 = {
						CreatedOnToolsVersion = 11.5;
					};
				};
			};
			buildConfigurationList = DF560A4024BB439600DAA7E4 /* Build configuration list for PBXProject "بعثتي" */;
			compatibilityVersion = "Xcode 9.3";
			developmentRegion = en;
			hasScannedForEncodings = 0;
			knownRegions = (
				en,
				Base,
			);
			mainGroup = DF560A3C24BB439600DAA7E4;
			productRefGroup = DF560A4624BB439600DAA7E4 /* Products */;
			projectDirPath = "";
			projectRoot = "";
			targets = (
				DF560A4424BB439600DAA7E4 /* بعثتي */,
			);
		};
/* End PBXProject section */

/* Begin PBXResourcesBuildPhase section */
		DF560A4324BB439600DAA7E4 /* Resources */ = {
			isa = PBXResourcesBuildPhase;
			buildActionMask = 2147483647;
			files = (
				DF560A5524BB439C00DAA7E4 /* LaunchScreen.storyboard in Resources */,
				DF560A5224BB439C00DAA7E4 /* Assets.xcassets in Resources */,
				DF560A5024BB439600DAA7E4 /* Main.storyboard in Resources */,
			);
			runOnlyForDeploymentPostprocessing = 0;
		};
/* End PBXResourcesBuildPhase section */

/* Begin PBXSourcesBuildPhase section */
		DF560A4124BB439600DAA7E4 /* Sources */ = {
			isa = PBXSourcesBuildPhase;
			buildActionMask = 2147483647;
			files = (
				DF560A4D24BB439600DAA7E4 /* ViewController.swift in Sources */,
				DF560A4924BB439600DAA7E4 /* AppDelegate.swift in Sources */,
				DF560A4B24BB439600DAA7E4 /* SceneDelegate.swift in Sources */,
			);
			runOnlyForDeploymentPostprocessing = 0;
		};
/* End PBXSourcesBuildPhase section */

/* Begin PBXVariantGroup section */
		DF560A4E24BB439600DAA7E4 /* Main.storyboard */ = {
			isa = PBXVariantGroup;
			children = (
				DF560A4F24BB439600DAA7E4 /* Base */,
			);
			name = Main.storyboard;
			sourceTree = "<group>";
		};
		DF560A5324BB439C00DAA7E4 /* LaunchScreen.storyboard */ = {
			isa = PBXVariantGroup;
			children = (
				DF560A5424BB439C00DAA7E4 /* Base */,
			);
			name = LaunchScreen.storyboard;
			sourceTree = "<group>";
		};
/* End PBXVariantGroup section */

/* Begin XCBuildConfiguration section */
		DF560A5724BB439C00DAA7E4 /* Debug */ = {
			isa = XCBuildConfiguration;
			buildSettings = {
				ALWAYS_SEARCH_USER_PATHS = NO;
				CLANG_ANALYZER_NONNULL = YES;
				CLANG_ANALYZER_NUMBER_OBJECT_CONVERSION = YES_AGGRESSIVE;
				CLANG_CXX_LANGUAGE_STANDARD = "gnu++14";
				CLANG_CXX_LIBRARY = "libc++";
				CLANG_ENABLE_MODULES = YES;
				CLANG_ENABLE_OBJC_ARC = YES;
				CLANG_ENABLE_OBJC_WEAK = YES;
				CLANG_WARN_BLOCK_CAPTURE_AUTORELEASING = YES;
				CLANG_WARN_BOOL_CONVERSION = YES;
				CLANG_WARN_COMMA = YES;
				CLANG_WARN_CONSTANT_CONVERSION = YES;
				CLANG_WARN_DEPRECATED_OBJC_IMPLEMENTATIONS = YES;
				CLANG_WARN_DIRECT_OBJC_ISA_USAGE = YES_ERROR;
				CLANG_WARN_DOCUMENTATION_COMMENTS = YES;
				CLANG_WARN_EMPTY_BODY = YES;
				CLANG_WARN_ENUM_CONVERSION = YES;
				CLANG_WARN_INFINITE_RECURSION = YES;
				CLANG_WARN_INT_CONVERSION = YES;
				CLANG_WARN_NON_LITERAL_NULL_CONVERSION = YES;
				CLANG_WARN_OBJC_IMPLICIT_RETAIN_SELF = YES;
				CLANG_WARN_OBJC_LITERAL_CONVERSION = YES;
				CLANG_WARN_OBJC_ROOT_CLASS = YES_ERROR;
				CLANG_WARN_RANGE_LOOP_ANALYSIS = YES;
				CLANG_WARN_STRICT_PROTOTYPES = YES;
				CLANG_WARN_SUSPICIOUS_MOVE = YES;
				CLANG_WARN_UNGUARDED_AVAILABILITY = YES_AGGRESSIVE;
				CLANG_WARN_UNREACHABLE_CODE = YES;
				CLANG_WARN__DUPLICATE_METHOD_MATCH = YES;
				COPY_PHASE_STRIP = NO;
				DEBUG_INFORMATION_FORMAT = dwarf;
				ENABLE_STRICT_OBJC_MSGSEND = YES;
				ENABLE_TESTABILITY = YES;
				GCC_C_LANGUAGE_STANDARD = gnu11;
				GCC_DYNAMIC_NO_PIC = NO;
				GCC_NO_COMMON_BLOCKS = YES;
				GCC_OPTIMIZATION_LEVEL = 0;
				GCC_PREPROCESSOR_DEFINITIONS = (
					"DEBUG=1",
					"$(inherited)",
				);
				GCC_WARN_64_TO_32_BIT_CONVERSION = YES;
				GCC_WARN_ABOUT_RETURN_TYPE = YES_ERROR;
				GCC_WARN_UNDECLARED_SELECTOR = YES;
				GCC_WARN_UNINITIALIZED_AUTOS = YES_AGGRESSIVE;
				GCC_WARN_UNUSED_FUNCTION = YES;
				GCC_WARN_UNUSED_VARIABLE = YES;
				IPHONEOS_DEPLOYMENT_TARGET = 13.5;
				MTL_ENABLE_DEBUG_INFO = INCLUDE_SOURCE;
				MTL_FAST_MATH = YES;
				ONLY_ACTIVE_ARCH = YES;
				SDKROOT = iphoneos;
				SWIFT_ACTIVE_COMPILATION_CONDITIONS = DEBUG;
				SWIFT_OPTIMIZATION_LEVEL = "-Onone";
			};
			name = Debug;
		};
		DF560A5824BB439C00DAA7E4 /* Release */ = {
			isa = XCBuildConfiguration;
			buildSettings = {
				ALWAYS_SEARCH_USER_PATHS = NO;
				CLANG_ANALYZER_NONNULL = YES;
				CLANG_ANALYZER_NUMBER_OBJECT_CONVERSION = YES_AGGRESSIVE;
				CLANG_CXX_LANGUAGE_STANDARD = "gnu++14";
				CLANG_CXX_LIBRARY = "libc++";
				CLANG_ENABLE_MODULES = YES;
				CLANG_ENABLE_OBJC_ARC = YES;
				CLANG_ENABLE_OBJC_WEAK = YES;
				CLANG_WARN_BLOCK_CAPTURE_AUTORELEASING = YES;
				CLANG_WARN_BOOL_CONVERSION = YES;
				CLANG_WARN_COMMA = YES;
				CLANG_WARN_CONSTANT_CONVERSION = YES;
				CLANG_WARN_DEPRECATED_OBJC_IMPLEMENTATIONS = YES;
				CLANG_WARN_DIRECT_OBJC_ISA_USAGE = YES_ERROR;
				CLANG_WARN_DOCUMENTATION_COMMENTS = YES;
				CLANG_WARN_EMPTY_BODY = YES;
				CLANG_WARN_ENUM_CONVERSION = YES;
				CLANG_WARN_INFINITE_RECURSION = YES;
				CLANG_WARN_INT_CONVERSION = YES;
				CLANG_WARN_NON_LITERAL_NULL_CONVERSION = YES;
				CLANG_WARN_OBJC_IMPLICIT_RETAIN_SELF = YES;
				CLANG_WARN_OBJC_LITERAL_CONVERSION = YES;
				CLANG_WARN_OBJC_ROOT_CLASS = YES_ERROR;
				CLANG_WARN_RANGE_LOOP_ANALYSIS = YES;
				CLANG_WARN_STRICT_PROTOTYPES = YES;
				CLANG_WARN_SUSPICIOUS_MOVE = YES;
				CLANG_WARN_UNGUARDED_AVAILABILITY = YES_AGGRESSIVE;
				CLANG_WARN_UNREACHABLE_CODE = YES;
				CLANG_WARN__DUPLICATE_METHOD_MATCH = YES;
				COPY_PHASE_STRIP = NO;
				DEBUG_INFORMATION_FORMAT = "dwarf-with-dsym";
				ENABLE_NS_ASSERTIONS = NO;
				ENABLE_STRICT_OBJC_MSGSEND = YES;
				GCC_C_LANGUAGE_STANDARD = gnu11;
				GCC_NO_COMMON_BLOCKS = YES;
				GCC_WARN_64_TO_32_BIT_CONVERSION = YES;
				GCC_WARN_ABOUT_RETURN_TYPE = YES_ERROR;
				GCC_WARN_UNDECLARED_SELECTOR = YES;
				GCC_WARN_UNINITIALIZED_AUTOS = YES_AGGRESSIVE;
				GCC_WARN_UNUSED_FUNCTION = YES;
				GCC_WARN_UNUSED_VARIABLE = YES;
				IPHONEOS_DEPLOYMENT_TARGET = 13.5;
				MTL_ENABLE_DEBUG_INFO = NO;
				MTL_FAST_MATH = YES;
				SDKROOT = iphoneos;
				SWIFT_COMPILATION_MODE = wholemodule;
				SWIFT_OPTIMIZATION_LEVEL = "-O";
				VALIDATE_PRODUCT = YES;
			};
			name = Release;
		};
		DF560A5A24BB439C00DAA7E4 /* Debug */ = {
			isa = XCBuildConfiguration;
			buildSettings = {
				ASSETCATALOG_COMPILER_APPICON_NAME = AppIcon;
				CODE_SIGN_STYLE = Automatic;
				DEVELOPMENT_TEAM = Q2PX5YHRDG;
				INFOPLIST_FILE = "بعثتي/Info.plist";
				LD_RUNPATH_SEARCH_PATHS = (
					"$(inherited)",
					"@executable_path/Frameworks",
				);
				PRODUCT_BUNDLE_IDENTIFIER = "com.GHADEER.ba3thti.-----";
				PRODUCT_NAME = "$(TARGET_NAME)";
				SWIFT_VERSION = 5.0;
				TARGETED_DEVICE_FAMILY = "1,2";
			};
			name = Debug;
		};
		DF560A5B24BB439C00DAA7E4 /* Release */ = {
			isa = XCBuildConfiguration;
			buildSettings = {
				ASSETCATALOG_COMPILER_APPICON_NAME = AppIcon;
				CODE_SIGN_STYLE = Automatic;
				DEVELOPMENT_TEAM = Q2PX5YHRDG;
				INFOPLIST_FILE = "بعثتي/Info.plist";
				LD_RUNPATH_SEARCH_PATHS = (
					"$(inherited)",
					"@executable_path/Frameworks",
				);
				PRODUCT_BUNDLE_IDENTIFIER = "com.GHADEER.ba3thti.-----";
				PRODUCT_NAME = "$(TARGET_NAME)";
				SWIFT_VERSION = 5.0;
				TARGETED_DEVICE_FAMILY = "1,2";
			};
			name = Release;
		};
/* End XCBuildConfiguration section */

/* Begin XCConfigurationList section */
		DF560A4024BB439600DAA7E4 /* Build configuration list for PBXProject "بعثتي" */ = {
			isa = XCConfigurationList;
			buildConfigurations = (
				DF560A5724BB439C00DAA7E4 /* Debug */,
				DF560A5824BB439C00DAA7E4 /* Release */,
			);
			defaultConfigurationIsVisible = 0;
			defaultConfigurationName = Release;
		};
		DF560A5924BB439C00DAA7E4 /* Build configuration list for PBXNativeTarget "بعثتي" */ = {
			isa = XCConfigurationList;
			buildConfigurations = (
				DF560A5A24BB439C00DAA7E4 /* Debug */,
				DF560A5B24BB439C00DAA7E4 /* Release */,
			);
			defaultConfigurationIsVisible = 0;
			defaultConfigurationName = Release;
		};
/* End XCConfigurationList section */
	};
	rootObject = DF560A3D24BB439600DAA7E4 /* Project object */;
}
