// !$*UTF8*$!
{
	archiveVersion = 1;
	classes = {
	};
	objectVersion = 50;
	objects = {

/* Begin PBXBuildFile section */
		DF19D51924C13880002C6110 /* PlacesVC.swift in Sources */ = {isa = PBXBuildFile; fileRef = DF19D51824C13880002C6110 /* PlacesVC.swift */; };
		DF19D51B24C1389A002C6110 /* PlacesCell.swift in Sources */ = {isa = PBXBuildFile; fileRef = DF19D51A24C1389A002C6110 /* PlacesCell.swift */; };
		DF25A80E24C20F16009733D8 /* OfficeVC.swift in Sources */ = {isa = PBXBuildFile; fileRef = DF25A80D24C20F16009733D8 /* OfficeVC.swift */; };
		DF25A81124C21F43009733D8 /* RegisterMentorVC.swift in Sources */ = {isa = PBXBuildFile; fileRef = DF25A81024C21F43009733D8 /* RegisterMentorVC.swift */; };
		DF32E6C824BDE355004465F3 /* DataSetsModel.swift in Sources */ = {isa = PBXBuildFile; fileRef = DF32E6C724BDE355004465F3 /* DataSetsModel.swift */; };
		DF32E6D224BE4301004465F3 /* CountryVC.swift in Sources */ = {isa = PBXBuildFile; fileRef = DF32E6D124BE4301004465F3 /* CountryVC.swift */; };
		DF32E6D624BE5E35004465F3 /* UK_DataSet.swift in Sources */ = {isa = PBXBuildFile; fileRef = DF32E6D524BE5E35004465F3 /* UK_DataSet.swift */; };
		DF4A1EDB24BE81DF00591F11 /* US_DataSet.swift in Sources */ = {isa = PBXBuildFile; fileRef = DF4A1EDA24BE81DF00591F11 /* US_DataSet.swift */; };
		DF4A1EDD24BE81EB00591F11 /* Canada_DataSet.swift in Sources */ = {isa = PBXBuildFile; fileRef = DF4A1EDC24BE81EB00591F11 /* Canada_DataSet.swift */; };
		DF4A1EDF24BE81F600591F11 /* Ireland_DataSet.swift in Sources */ = {isa = PBXBuildFile; fileRef = DF4A1EDE24BE81F600591F11 /* Ireland_DataSet.swift */; };
		DF560A4924BB439600DAA7E4 /* AppDelegate.swift in Sources */ = {isa = PBXBuildFile; fileRef = DF560A4824BB439600DAA7E4 /* AppDelegate.swift */; };
		DF560A4B24BB439600DAA7E4 /* SceneDelegate.swift in Sources */ = {isa = PBXBuildFile; fileRef = DF560A4A24BB439600DAA7E4 /* SceneDelegate.swift */; };
		DF560A5024BB439600DAA7E4 /* Main.storyboard in Resources */ = {isa = PBXBuildFile; fileRef = DF560A4E24BB439600DAA7E4 /* Main.storyboard */; };
		DF560A5224BB439C00DAA7E4 /* Assets.xcassets in Resources */ = {isa = PBXBuildFile; fileRef = DF560A5124BB439C00DAA7E4 /* Assets.xcassets */; };
		DF560A5524BB439C00DAA7E4 /* LaunchScreen.storyboard in Resources */ = {isa = PBXBuildFile; fileRef = DF560A5324BB439C00DAA7E4 /* LaunchScreen.storyboard */; };
		DF560A6324BB551800DAA7E4 /* LoginPageVC.swift in Sources */ = {isa = PBXBuildFile; fileRef = DF560A6224BB551800DAA7E4 /* LoginPageVC.swift */; };
		DF560A6524BB554E00DAA7E4 /* RegisterVC.swift in Sources */ = {isa = PBXBuildFile; fileRef = DF560A6424BB554E00DAA7E4 /* RegisterVC.swift */; };
		DF560A6724BB556B00DAA7E4 /* SignVC.swift in Sources */ = {isa = PBXBuildFile; fileRef = DF560A6624BB556B00DAA7E4 /* SignVC.swift */; };
		DF560A6B24BB5E0400DAA7E4 /* CreatedVC.swift in Sources */ = {isa = PBXBuildFile; fileRef = DF560A6A24BB5E0400DAA7E4 /* CreatedVC.swift */; };
		DF560A6D24BB674600DAA7E4 /* LaunchVC.swift in Sources */ = {isa = PBXBuildFile; fileRef = DF560A6C24BB674600DAA7E4 /* LaunchVC.swift */; };
		DF560A7424BB901E00DAA7E4 /* Username.swift in Sources */ = {isa = PBXBuildFile; fileRef = DF560A7324BB901D00DAA7E4 /* Username.swift */; };
		DF705DB824BF7E5600914BC2 /* MainCountryVC.swift in Sources */ = {isa = PBXBuildFile; fileRef = DF705DB724BF7E5600914BC2 /* MainCountryVC.swift */; };
		DF705DC624BFB96200914BC2 /* MajorsVC.swift in Sources */ = {isa = PBXBuildFile; fileRef = DF705DC524BFB96200914BC2 /* MajorsVC.swift */; };
		DF705DC824BFB98F00914BC2 /* MajorsDetailsVC.swift in Sources */ = {isa = PBXBuildFile; fileRef = DF705DC724BFB98F00914BC2 /* MajorsDetailsVC.swift */; };
		DF705DCA24C0857300914BC2 /* StudentMentorVC.swift in Sources */ = {isa = PBXBuildFile; fileRef = DF705DC924C0857300914BC2 /* StudentMentorVC.swift */; };
		DF705DCE24C0AF3700914BC2 /* MentorCell.swift in Sources */ = {isa = PBXBuildFile; fileRef = DF705DCD24C0AF3700914BC2 /* MentorCell.swift */; };
		DF705DD824C1336C00914BC2 /* Lalezar (1) in Resources */ = {isa = PBXBuildFile; fileRef = DF705DD624C132A900914BC2 /* Lalezar (1) */; };
		DF705DD924C1337500914BC2 /* Reem_Kufi (2) in Resources */ = {isa = PBXBuildFile; fileRef = DF705DD124C1324F00914BC2 /* Reem_Kufi (2) */; };
		DF866A7E24C285DB0008D2C3 /* Lalezar-Regular.ttf in Resources */ = {isa = PBXBuildFile; fileRef = DF25A81224C22FB7009733D8 /* Lalezar-Regular.ttf */; };
		DF866A7F24C285E00008D2C3 /* ReemKufi-Regular.ttf in Resources */ = {isa = PBXBuildFile; fileRef = DF25A81324C22FBD009733D8 /* ReemKufi-Regular.ttf */; };
/* End PBXBuildFile section */

/* Begin PBXFileReference section */
		DF19D51824C13880002C6110 /* PlacesVC.swift */ = {isa = PBXFileReference; lastKnownFileType = sourcecode.swift; path = PlacesVC.swift; sourceTree = "<group>"; };
		DF19D51A24C1389A002C6110 /* PlacesCell.swift */ = {isa = PBXFileReference; lastKnownFileType = sourcecode.swift; path = PlacesCell.swift; sourceTree = "<group>"; };
		DF25A80D24C20F16009733D8 /* OfficeVC.swift */ = {isa = PBXFileReference; lastKnownFileType = sourcecode.swift; path = OfficeVC.swift; sourceTree = "<group>"; };
		DF25A81024C21F43009733D8 /* RegisterMentorVC.swift */ = {isa = PBXFileReference; lastKnownFileType = sourcecode.swift; path = RegisterMentorVC.swift; sourceTree = "<group>"; };
		DF25A81224C22FB7009733D8 /* Lalezar-Regular.ttf */ = {isa = PBXFileReference; lastKnownFileType = file; name = "Lalezar-Regular.ttf"; path = "Lalezar (1)/Lalezar-Regular.ttf"; sourceTree = "<group>"; };
		DF25A81324C22FBD009733D8 /* ReemKufi-Regular.ttf */ = {isa = PBXFileReference; lastKnownFileType = file; path = "ReemKufi-Regular.ttf"; sourceTree = "<group>"; };
		DF32E6C724BDE355004465F3 /* DataSetsModel.swift */ = {isa = PBXFileReference; lastKnownFileType = sourcecode.swift; path = DataSetsModel.swift; sourceTree = "<group>"; };
		DF32E6D124BE4301004465F3 /* CountryVC.swift */ = {isa = PBXFileReference; lastKnownFileType = sourcecode.swift; path = CountryVC.swift; sourceTree = "<group>"; };
		DF32E6D524BE5E35004465F3 /* UK_DataSet.swift */ = {isa = PBXFileReference; lastKnownFileType = sourcecode.swift; path = UK_DataSet.swift; sourceTree = "<group>"; };
		DF4A1EDA24BE81DF00591F11 /* US_DataSet.swift */ = {isa = PBXFileReference; lastKnownFileType = sourcecode.swift; path = US_DataSet.swift; sourceTree = "<group>"; };
		DF4A1EDC24BE81EB00591F11 /* Canada_DataSet.swift */ = {isa = PBXFileReference; lastKnownFileType = sourcecode.swift; path = Canada_DataSet.swift; sourceTree = "<group>"; };
		DF4A1EDE24BE81F600591F11 /* Ireland_DataSet.swift */ = {isa = PBXFileReference; lastKnownFileType = sourcecode.swift; path = Ireland_DataSet.swift; sourceTree = "<group>"; };
		DF560A4524BB439600DAA7E4 /* بعثتي.app */ = {isa = PBXFileReference; explicitFileType = wrapper.application; includeInIndex = 0; path = "بعثتي.app"; sourceTree = BUILT_PRODUCTS_DIR; };
		DF560A4824BB439600DAA7E4 /* AppDelegate.swift */ = {isa = PBXFileReference; lastKnownFileType = sourcecode.swift; path = AppDelegate.swift; sourceTree = "<group>"; };
		DF560A4A24BB439600DAA7E4 /* SceneDelegate.swift */ = {isa = PBXFileReference; lastKnownFileType = sourcecode.swift; path = SceneDelegate.swift; sourceTree = "<group>"; };
		DF560A4F24BB439600DAA7E4 /* Base */ = {isa = PBXFileReference; lastKnownFileType = file.storyboard; name = Base; path = Base.lproj/Main.storyboard; sourceTree = "<group>"; };
		DF560A5124BB439C00DAA7E4 /* Assets.xcassets */ = {isa = PBXFileReference; lastKnownFileType = folder.assetcatalog; path = Assets.xcassets; sourceTree = "<group>"; };
		DF560A5424BB439C00DAA7E4 /* Base */ = {isa = PBXFileReference; lastKnownFileType = file.storyboard; name = Base; path = Base.lproj/LaunchScreen.storyboard; sourceTree = "<group>"; };
		DF560A5624BB439C00DAA7E4 /* Info.plist */ = {isa = PBXFileReference; lastKnownFileType = text.plist.xml; path = Info.plist; sourceTree = "<group>"; };
		DF560A6224BB551800DAA7E4 /* LoginPageVC.swift */ = {isa = PBXFileReference; lastKnownFileType = sourcecode.swift; path = LoginPageVC.swift; sourceTree = "<group>"; };
		DF560A6424BB554E00DAA7E4 /* RegisterVC.swift */ = {isa = PBXFileReference; lastKnownFileType = sourcecode.swift; path = RegisterVC.swift; sourceTree = "<group>"; };
		DF560A6624BB556B00DAA7E4 /* SignVC.swift */ = {isa = PBXFileReference; lastKnownFileType = sourcecode.swift; path = SignVC.swift; sourceTree = "<group>"; };
		DF560A6A24BB5E0400DAA7E4 /* CreatedVC.swift */ = {isa = PBXFileReference; lastKnownFileType = sourcecode.swift; path = CreatedVC.swift; sourceTree = "<group>"; };
		DF560A6C24BB674600DAA7E4 /* LaunchVC.swift */ = {isa = PBXFileReference; lastKnownFileType = sourcecode.swift; path = LaunchVC.swift; sourceTree = "<group>"; };
		DF560A7324BB901D00DAA7E4 /* Username.swift */ = {isa = PBXFileReference; lastKnownFileType = sourcecode.swift; path = Username.swift; sourceTree = "<group>"; };
		DF705DB724BF7E5600914BC2 /* MainCountryVC.swift */ = {isa = PBXFileReference; lastKnownFileType = sourcecode.swift; path = MainCountryVC.swift; sourceTree = "<group>"; };
		DF705DC524BFB96200914BC2 /* MajorsVC.swift */ = {isa = PBXFileReference; lastKnownFileType = sourcecode.swift; path = MajorsVC.swift; sourceTree = "<group>"; };
		DF705DC724BFB98F00914BC2 /* MajorsDetailsVC.swift */ = {isa = PBXFileReference; lastKnownFileType = sourcecode.swift; path = MajorsDetailsVC.swift; sourceTree = "<group>"; };
		DF705DC924C0857300914BC2 /* StudentMentorVC.swift */ = {isa = PBXFileReference; lastKnownFileType = sourcecode.swift; path = StudentMentorVC.swift; sourceTree = "<group>"; };
		DF705DCD24C0AF3700914BC2 /* MentorCell.swift */ = {isa = PBXFileReference; lastKnownFileType = sourcecode.swift; path = MentorCell.swift; sourceTree = "<group>"; };
		DF705DD124C1324F00914BC2 /* Reem_Kufi (2) */ = {isa = PBXFileReference; lastKnownFileType = folder; path = "Reem_Kufi (2)"; sourceTree = "<group>"; };
		DF705DD624C132A900914BC2 /* Lalezar (1) */ = {isa = PBXFileReference; lastKnownFileType = folder; path = "Lalezar (1)"; sourceTree = "<group>"; };
/* End PBXFileReference section */

/* Begin PBXFrameworksBuildPhase section */
		DF560A4224BB439600DAA7E4 /* Frameworks */ = {
			isa = PBXFrameworksBuildPhase;
			buildActionMask = 2147483647;
			files = (
			);
			runOnlyForDeploymentPostprocessing = 0;
		};
/* End PBXFrameworksBuildPhase section */

/* Begin PBXGroup section */
		DF19D51C24C1D0A5002C6110 /* Majors */ = {
			isa = PBXGroup;
			children = (
				DF705DC524BFB96200914BC2 /* MajorsVC.swift */,
				DF705DC724BFB98F00914BC2 /* MajorsDetailsVC.swift */,
			);
			path = Majors;
			sourceTree = "<group>";
		};
		DF19D51D24C1D0B9002C6110 /* Places */ = {
			isa = PBXGroup;
			children = (
				DF19D51824C13880002C6110 /* PlacesVC.swift */,
				DF19D51A24C1389A002C6110 /* PlacesCell.swift */,
			);
			path = Places;
			sourceTree = "<group>";
		};
		DF19D51E24C1D0C4002C6110 /* Mentors */ = {
			isa = PBXGroup;
			children = (
				DF705DC924C0857300914BC2 /* StudentMentorVC.swift */,
				DF25A81024C21F43009733D8 /* RegisterMentorVC.swift */,
				DF705DCD24C0AF3700914BC2 /* MentorCell.swift */,
			);
			path = Mentors;
			sourceTree = "<group>";
		};
		DF19D51F24C1D0D6002C6110 /* Countries */ = {
			isa = PBXGroup;
			children = (
				DF32E6D124BE4301004465F3 /* CountryVC.swift */,
				DF705DB724BF7E5600914BC2 /* MainCountryVC.swift */,
			);
			path = Countries;
			sourceTree = "<group>";
		};
		DF25A80F24C20F1E009733D8 /* Kuwait Cultural Office */ = {
			isa = PBXGroup;
			children = (
				DF25A80D24C20F16009733D8 /* OfficeVC.swift */,
			);
			path = "Kuwait Cultural Office";
			sourceTree = "<group>";
		};
		DF560A3C24BB439600DAA7E4 = {
			isa = PBXGroup;
			children = (
				DF560A4724BB439600DAA7E4 /* بعثتي */,
				DF560A4624BB439600DAA7E4 /* Products */,
			);
			sourceTree = "<group>";
		};
		DF560A4624BB439600DAA7E4 /* Products */ = {
			isa = PBXGroup;
			children = (
				DF560A4524BB439600DAA7E4 /* بعثتي.app */,
			);
			name = Products;
			sourceTree = "<group>";
		};
		DF560A4724BB439600DAA7E4 /* بعثتي */ = {
			isa = PBXGroup;
			children = (
				DF560A5F24BB482200DAA7E4 /* Delegates */,
				DF560A5E24BB47F900DAA7E4 /* Models */,
				DF560A5C24BB454F00DAA7E4 /* View Controllers */,
				DF560A5D24BB455F00DAA7E4 /* Storyboard */,
				DF560A6E24BB72D000DAA7E4 /* Fonts */,
				DF560A5124BB439C00DAA7E4 /* Assets.xcassets */,
				DF560A5624BB439C00DAA7E4 /* Info.plist */,
			);
			path = "بعثتي";
			sourceTree = "<group>";
		};
		DF560A5C24BB454F00DAA7E4 /* View Controllers */ = {
			isa = PBXGroup;
			children = (
				DF560A6224BB551800DAA7E4 /* LoginPageVC.swift */,
				DF560A6C24BB674600DAA7E4 /* LaunchVC.swift */,
				DF560A6424BB554E00DAA7E4 /* RegisterVC.swift */,
				DF560A6A24BB5E0400DAA7E4 /* CreatedVC.swift */,
				DF560A6624BB556B00DAA7E4 /* SignVC.swift */,
				DF25A80F24C20F1E009733D8 /* Kuwait Cultural Office */,
				DF19D51F24C1D0D6002C6110 /* Countries */,
				DF19D51E24C1D0C4002C6110 /* Mentors */,
				DF19D51D24C1D0B9002C6110 /* Places */,
				DF19D51C24C1D0A5002C6110 /* Majors */,
			);
			path = "View Controllers";
			sourceTree = "<group>";
		};
		DF560A5D24BB455F00DAA7E4 /* Storyboard */ = {
			isa = PBXGroup;
			children = (
				DF560A4E24BB439600DAA7E4 /* Main.storyboard */,
				DF560A5324BB439C00DAA7E4 /* LaunchScreen.storyboard */,
			);
			path = Storyboard;
			sourceTree = "<group>";
		};
		DF560A5E24BB47F900DAA7E4 /* Models */ = {
			isa = PBXGroup;
			children = (
				DF560A7324BB901D00DAA7E4 /* Username.swift */,
				DF32E6C724BDE355004465F3 /* DataSetsModel.swift */,
				DF32E6D524BE5E35004465F3 /* UK_DataSet.swift */,
				DF4A1EDA24BE81DF00591F11 /* US_DataSet.swift */,
				DF4A1EDC24BE81EB00591F11 /* Canada_DataSet.swift */,
				DF4A1EDE24BE81F600591F11 /* Ireland_DataSet.swift */,
			);
			path = Models;
			sourceTree = "<group>";
		};
		DF560A5F24BB482200DAA7E4 /* Delegates */ = {
			isa = PBXGroup;
			children = (
				DF560A4824BB439600DAA7E4 /* AppDelegate.swift */,
				DF560A4A24BB439600DAA7E4 /* SceneDelegate.swift */,
			);
			path = Delegates;
			sourceTree = "<group>";
		};
		DF560A6E24BB72D000DAA7E4 /* Fonts */ = {
			isa = PBXGroup;
			children = (
				DF25A81224C22FB7009733D8 /* Lalezar-Regular.ttf */,
				DF25A81324C22FBD009733D8 /* ReemKufi-Regular.ttf */,
				DF705DD624C132A900914BC2 /* Lalezar (1) */,
				DF705DD124C1324F00914BC2 /* Reem_Kufi (2) */,
			);
			path = Fonts;
			sourceTree = "<group>";
		};
/* End PBXGroup section */

/* Begin PBXNativeTarget section */
		DF560A4424BB439600DAA7E4 /* بعثتي */ = {
			isa = PBXNativeTarget;
			buildConfigurationList = DF560A5924BB439C00DAA7E4 /* Build configuration list for PBXNativeTarget "بعثتي" */;
			buildPhases = (
				DF560A4124BB439600DAA7E4 /* Sources */,
				DF560A4224BB439600DAA7E4 /* Frameworks */,
				DF560A4324BB439600DAA7E4 /* Resources */,
			);
			buildRules = (
			);
			dependencies = (
			);
			name = "بعثتي";
			productName = "بعثتي";
			productReference = DF560A4524BB439600DAA7E4 /* بعثتي.app */;
			productType = "com.apple.product-type.application";
		};
/* End PBXNativeTarget section */

/* Begin PBXProject section */
		DF560A3D24BB439600DAA7E4 /* Project object */ = {
			isa = PBXProject;
			attributes = {
				LastSwiftUpdateCheck = 1150;
				LastUpgradeCheck = 1150;
				ORGANIZATIONNAME = GeeCodes;
				TargetAttributes = {
					DF560A4424BB439600DAA7E4 = {
						CreatedOnToolsVersion = 11.5;
					};
				};
			};
			buildConfigurationList = DF560A4024BB439600DAA7E4 /* Build configuration list for PBXProject "بعثتي" */;
			compatibilityVersion = "Xcode 9.3";
			developmentRegion = en;
			hasScannedForEncodings = 0;
			knownRegions = (
				en,
				Base,
			);
			mainGroup = DF560A3C24BB439600DAA7E4;
			productRefGroup = DF560A4624BB439600DAA7E4 /* Products */;
			projectDirPath = "";
			projectRoot = "";
			targets = (
				DF560A4424BB439600DAA7E4 /* بعثتي */,
			);
		};
/* End PBXProject section */

/* Begin PBXResourcesBuildPhase section */
		DF560A4324BB439600DAA7E4 /* Resources */ = {
			isa = PBXResourcesBuildPhase;
			buildActionMask = 2147483647;
			files = (
				DF866A7F24C285E00008D2C3 /* ReemKufi-Regular.ttf in Resources */,
				DF866A7E24C285DB0008D2C3 /* Lalezar-Regular.ttf in Resources */,
				DF705DD924C1337500914BC2 /* Reem_Kufi (2) in Resources */,
				DF705DD824C1336C00914BC2 /* Lalezar (1) in Resources */,
				DF560A5524BB439C00DAA7E4 /* LaunchScreen.storyboard in Resources */,
				DF560A5224BB439C00DAA7E4 /* Assets.xcassets in Resources */,
				DF560A5024BB439600DAA7E4 /* Main.storyboard in Resources */,
			);
			runOnlyForDeploymentPostprocessing = 0;
		};
/* End PBXResourcesBuildPhase section */

/* Begin PBXSourcesBuildPhase section */
		DF560A4124BB439600DAA7E4 /* Sources */ = {
			isa = PBXSourcesBuildPhase;
			buildActionMask = 2147483647;
			files = (
				DF560A6324BB551800DAA7E4 /* LoginPageVC.swift in Sources */,
				DF705DC624BFB96200914BC2 /* MajorsVC.swift in Sources */,
				DF560A6724BB556B00DAA7E4 /* SignVC.swift in Sources */,
				DF19D51B24C1389A002C6110 /* PlacesCell.swift in Sources */,
				DF4A1EDB24BE81DF00591F11 /* US_DataSet.swift in Sources */,
				DF705DB824BF7E5600914BC2 /* MainCountryVC.swift in Sources */,
				DF32E6C824BDE355004465F3 /* DataSetsModel.swift in Sources */,
				DF4A1EDD24BE81EB00591F11 /* Canada_DataSet.swift in Sources */,
				DF705DCE24C0AF3700914BC2 /* MentorCell.swift in Sources */,
				DF705DC824BFB98F00914BC2 /* MajorsDetailsVC.swift in Sources */,
				DF25A81124C21F43009733D8 /* RegisterMentorVC.swift in Sources */,
				DF560A7424BB901E00DAA7E4 /* Username.swift in Sources */,
				DF32E6D624BE5E35004465F3 /* UK_DataSet.swift in Sources */,
				DF560A6B24BB5E0400DAA7E4 /* CreatedVC.swift in Sources */,
				DF705DCA24C0857300914BC2 /* StudentMentorVC.swift in Sources */,
				DF560A6D24BB674600DAA7E4 /* LaunchVC.swift in Sources */,
				DF19D51924C13880002C6110 /* PlacesVC.swift in Sources */,
				DF25A80E24C20F16009733D8 /* OfficeVC.swift in Sources */,
				DF32E6D224BE4301004465F3 /* CountryVC.swift in Sources */,
				DF560A4924BB439600DAA7E4 /* AppDelegate.swift in Sources */,
				DF560A6524BB554E00DAA7E4 /* RegisterVC.swift in Sources */,
				DF560A4B24BB439600DAA7E4 /* SceneDelegate.swift in Sources */,
				DF4A1EDF24BE81F600591F11 /* Ireland_DataSet.swift in Sources */,
			);
			runOnlyForDeploymentPostprocessing = 0;
		};
/* End PBXSourcesBuildPhase section */

/* Begin PBXVariantGroup section */
		DF560A4E24BB439600DAA7E4 /* Main.storyboard */ = {
			isa = PBXVariantGroup;
			children = (
				DF560A4F24BB439600DAA7E4 /* Base */,
			);
			name = Main.storyboard;
			sourceTree = "<group>";
		};
		DF560A5324BB439C00DAA7E4 /* LaunchScreen.storyboard */ = {
			isa = PBXVariantGroup;
			children = (
				DF560A5424BB439C00DAA7E4 /* Base */,
			);
			name = LaunchScreen.storyboard;
			sourceTree = "<group>";
		};
/* End PBXVariantGroup section */

/* Begin XCBuildConfiguration section */
		DF560A5724BB439C00DAA7E4 /* Debug */ = {
			isa = XCBuildConfiguration;
			buildSettings = {
				ALWAYS_SEARCH_USER_PATHS = NO;
				CLANG_ANALYZER_NONNULL = YES;
				CLANG_ANALYZER_NUMBER_OBJECT_CONVERSION = YES_AGGRESSIVE;
				CLANG_CXX_LANGUAGE_STANDARD = "gnu++14";
				CLANG_CXX_LIBRARY = "libc++";
				CLANG_ENABLE_MODULES = YES;
				CLANG_ENABLE_OBJC_ARC = YES;
				CLANG_ENABLE_OBJC_WEAK = YES;
				CLANG_WARN_BLOCK_CAPTURE_AUTORELEASING = YES;
				CLANG_WARN_BOOL_CONVERSION = YES;
				CLANG_WARN_COMMA = YES;
				CLANG_WARN_CONSTANT_CONVERSION = YES;
				CLANG_WARN_DEPRECATED_OBJC_IMPLEMENTATIONS = YES;
				CLANG_WARN_DIRECT_OBJC_ISA_USAGE = YES_ERROR;
				CLANG_WARN_DOCUMENTATION_COMMENTS = YES;
				CLANG_WARN_EMPTY_BODY = YES;
				CLANG_WARN_ENUM_CONVERSION = YES;
				CLANG_WARN_INFINITE_RECURSION = YES;
				CLANG_WARN_INT_CONVERSION = YES;
				CLANG_WARN_NON_LITERAL_NULL_CONVERSION = YES;
				CLANG_WARN_OBJC_IMPLICIT_RETAIN_SELF = YES;
				CLANG_WARN_OBJC_LITERAL_CONVERSION = YES;
				CLANG_WARN_OBJC_ROOT_CLASS = YES_ERROR;
				CLANG_WARN_RANGE_LOOP_ANALYSIS = YES;
				CLANG_WARN_STRICT_PROTOTYPES = YES;
				CLANG_WARN_SUSPICIOUS_MOVE = YES;
				CLANG_WARN_UNGUARDED_AVAILABILITY = YES_AGGRESSIVE;
				CLANG_WARN_UNREACHABLE_CODE = YES;
				CLANG_WARN__DUPLICATE_METHOD_MATCH = YES;
				COPY_PHASE_STRIP = NO;
				DEBUG_INFORMATION_FORMAT = dwarf;
				ENABLE_STRICT_OBJC_MSGSEND = YES;
				ENABLE_TESTABILITY = YES;
				GCC_C_LANGUAGE_STANDARD = gnu11;
				GCC_DYNAMIC_NO_PIC = NO;
				GCC_NO_COMMON_BLOCKS = YES;
				GCC_OPTIMIZATION_LEVEL = 0;
				GCC_PREPROCESSOR_DEFINITIONS = (
					"DEBUG=1",
					"$(inherited)",
				);
				GCC_WARN_64_TO_32_BIT_CONVERSION = YES;
				GCC_WARN_ABOUT_RETURN_TYPE = YES_ERROR;
				GCC_WARN_UNDECLARED_SELECTOR = YES;
				GCC_WARN_UNINITIALIZED_AUTOS = YES_AGGRESSIVE;
				GCC_WARN_UNUSED_FUNCTION = YES;
				GCC_WARN_UNUSED_VARIABLE = YES;
				IPHONEOS_DEPLOYMENT_TARGET = 13.5;
				MTL_ENABLE_DEBUG_INFO = INCLUDE_SOURCE;
				MTL_FAST_MATH = YES;
				ONLY_ACTIVE_ARCH = YES;
				SDKROOT = iphoneos;
				SWIFT_ACTIVE_COMPILATION_CONDITIONS = DEBUG;
				SWIFT_OPTIMIZATION_LEVEL = "-Onone";
			};
			name = Debug;
		};
		DF560A5824BB439C00DAA7E4 /* Release */ = {
			isa = XCBuildConfiguration;
			buildSettings = {
				ALWAYS_SEARCH_USER_PATHS = NO;
				CLANG_ANALYZER_NONNULL = YES;
				CLANG_ANALYZER_NUMBER_OBJECT_CONVERSION = YES_AGGRESSIVE;
				CLANG_CXX_LANGUAGE_STANDARD = "gnu++14";
				CLANG_CXX_LIBRARY = "libc++";
				CLANG_ENABLE_MODULES = YES;
				CLANG_ENABLE_OBJC_ARC = YES;
				CLANG_ENABLE_OBJC_WEAK = YES;
				CLANG_WARN_BLOCK_CAPTURE_AUTORELEASING = YES;
				CLANG_WARN_BOOL_CONVERSION = YES;
				CLANG_WARN_COMMA = YES;
				CLANG_WARN_CONSTANT_CONVERSION = YES;
				CLANG_WARN_DEPRECATED_OBJC_IMPLEMENTATIONS = YES;
				CLANG_WARN_DIRECT_OBJC_ISA_USAGE = YES_ERROR;
				CLANG_WARN_DOCUMENTATION_COMMENTS = YES;
				CLANG_WARN_EMPTY_BODY = YES;
				CLANG_WARN_ENUM_CONVERSION = YES;
				CLANG_WARN_INFINITE_RECURSION = YES;
				CLANG_WARN_INT_CONVERSION = YES;
				CLANG_WARN_NON_LITERAL_NULL_CONVERSION = YES;
				CLANG_WARN_OBJC_IMPLICIT_RETAIN_SELF = YES;
				CLANG_WARN_OBJC_LITERAL_CONVERSION = YES;
				CLANG_WARN_OBJC_ROOT_CLASS = YES_ERROR;
				CLANG_WARN_RANGE_LOOP_ANALYSIS = YES;
				CLANG_WARN_STRICT_PROTOTYPES = YES;
				CLANG_WARN_SUSPICIOUS_MOVE = YES;
				CLANG_WARN_UNGUARDED_AVAILABILITY = YES_AGGRESSIVE;
				CLANG_WARN_UNREACHABLE_CODE = YES;
				CLANG_WARN__DUPLICATE_METHOD_MATCH = YES;
				COPY_PHASE_STRIP = NO;
				DEBUG_INFORMATION_FORMAT = "dwarf-with-dsym";
				ENABLE_NS_ASSERTIONS = NO;
				ENABLE_STRICT_OBJC_MSGSEND = YES;
				GCC_C_LANGUAGE_STANDARD = gnu11;
				GCC_NO_COMMON_BLOCKS = YES;
				GCC_WARN_64_TO_32_BIT_CONVERSION = YES;
				GCC_WARN_ABOUT_RETURN_TYPE = YES_ERROR;
				GCC_WARN_UNDECLARED_SELECTOR = YES;
				GCC_WARN_UNINITIALIZED_AUTOS = YES_AGGRESSIVE;
				GCC_WARN_UNUSED_FUNCTION = YES;
				GCC_WARN_UNUSED_VARIABLE = YES;
				IPHONEOS_DEPLOYMENT_TARGET = 13.5;
				MTL_ENABLE_DEBUG_INFO = NO;
				MTL_FAST_MATH = YES;
				SDKROOT = iphoneos;
				SWIFT_COMPILATION_MODE = wholemodule;
				SWIFT_OPTIMIZATION_LEVEL = "-O";
				VALIDATE_PRODUCT = YES;
			};
			name = Release;
		};
		DF560A5A24BB439C00DAA7E4 /* Debug */ = {
			isa = XCBuildConfiguration;
			buildSettings = {
				ASSETCATALOG_COMPILER_APPICON_NAME = AppIcon;
				CODE_SIGN_STYLE = Automatic;
				DEVELOPMENT_TEAM = Q2PX5YHRDG;
				INFOPLIST_FILE = "بعثتي/Info.plist";
				LD_RUNPATH_SEARCH_PATHS = (
					"$(inherited)",
					"@executable_path/Frameworks",
				);
				PRODUCT_BUNDLE_IDENTIFIER = com.GHADEER.ba3thti;
				PRODUCT_NAME = "$(TARGET_NAME)";
				SWIFT_VERSION = 5.0;
				TARGETED_DEVICE_FAMILY = 1;
			};
			name = Debug;
		};
		DF560A5B24BB439C00DAA7E4 /* Release */ = {
			isa = XCBuildConfiguration;
			buildSettings = {
				ASSETCATALOG_COMPILER_APPICON_NAME = AppIcon;
				CODE_SIGN_STYLE = Automatic;
				DEVELOPMENT_TEAM = Q2PX5YHRDG;
				INFOPLIST_FILE = "بعثتي/Info.plist";
				LD_RUNPATH_SEARCH_PATHS = (
					"$(inherited)",
					"@executable_path/Frameworks",
				);
				PRODUCT_BUNDLE_IDENTIFIER = com.GHADEER.ba3thti;
				PRODUCT_NAME = "$(TARGET_NAME)";
				SWIFT_VERSION = 5.0;
				TARGETED_DEVICE_FAMILY = 1;
			};
			name = Release;
		};
/* End XCBuildConfiguration section */

/* Begin XCConfigurationList section */
		DF560A4024BB439600DAA7E4 /* Build configuration list for PBXProject "بعثتي" */ = {
			isa = XCConfigurationList;
			buildConfigurations = (
				DF560A5724BB439C00DAA7E4 /* Debug */,
				DF560A5824BB439C00DAA7E4 /* Release */,
			);
			defaultConfigurationIsVisible = 0;
			defaultConfigurationName = Release;
		};
		DF560A5924BB439C00DAA7E4 /* Build configuration list for PBXNativeTarget "بعثتي" */ = {
			isa = XCConfigurationList;
			buildConfigurations = (
				DF560A5A24BB439C00DAA7E4 /* Debug */,
				DF560A5B24BB439C00DAA7E4 /* Release */,
			);
			defaultConfigurationIsVisible = 0;
			defaultConfigurationName = Release;
		};
/* End XCConfigurationList section */
	};
	rootObject = DF560A3D24BB439600DAA7E4 /* Project object */;
}
